
Microsoft Visual Studio Solution File, Format Version 12.00
# Visual Studio Version 17
VisualStudioVersion = 17.0.31903.59
MinimumVisualStudioVersion = 10.0.40219.1
Project("{2150E333-8FDC-42A3-9474-1A3956D46DE8}") = "app", "app", "{6AAB4541-93AB-46D7-9B70-40BE68D7D58D}"
EndProject
Project("{FAE04EC0-301F-11D3-BF4B-00C04F79EFBC}") = "Aoc.Cli", "app\Aoc.Cli\Aoc.Cli.csproj", "{09A47E0F-ECDA-4245-B5E2-FE90FD7D351B}"
EndProject
Project("{2150E333-8FDC-42A3-9474-1A3956D46DE8}") = "src", "src", "{CE5BD395-881B-4731-A794-DF5CC4DCC57C}"
EndProject
Project("{FAE04EC0-301F-11D3-BF4B-00C04F79EFBC}") = "Aoc.Day01", "src\Aoc.Day01\Aoc.Day01.csproj", "{A283D50B-2890-48B6-B3CE-F3B88D192E9F}"
EndProject
Project("{2150E333-8FDC-42A3-9474-1A3956D46DE8}") = "test", "test", "{CAAF8CF2-AC46-4A6B-8053-2DCF370C61AF}"
EndProject
Project("{FAE04EC0-301F-11D3-BF4B-00C04F79EFBC}") = "Aoc.RegressionTests", "test\Aoc.RegressionTests\Aoc.RegressionTests.csproj", "{C29E7A22-045D-4988-8E84-A7C659213C76}"
EndProject
Project("{FAE04EC0-301F-11D3-BF4B-00C04F79EFBC}") = "Aoc.Day02", "src\Aoc.Day02\Aoc.Day02.csproj", "{BF5C6F58-9940-4664-B9DE-A2F92EDDFCEB}"
EndProject
Project("{FAE04EC0-301F-11D3-BF4B-00C04F79EFBC}") = "Aoc.Day03", "src\Aoc.Day03\Aoc.Day03.csproj", "{F7FAB8AF-4D28-4EDF-B800-75432B5E671E}"
EndProject
Project("{FAE04EC0-301F-11D3-BF4B-00C04F79EFBC}") = "Aoc.Day04", "src\Aoc.Day04\Aoc.Day04.csproj", "{ADFB45B0-2FBF-4BCC-B0EF-AF3C1412592A}"
EndProject
Project("{FAE04EC0-301F-11D3-BF4B-00C04F79EFBC}") = "Aoc.Day05", "src\Aoc.Day05\Aoc.Day05.csproj", "{0DD2CBAE-0A92-4513-8D34-A18DE270B445}"
EndProject
Project("{FAE04EC0-301F-11D3-BF4B-00C04F79EFBC}") = "Aoc.Day06", "src\Aoc.Day06\Aoc.Day06.csproj", "{18CBB80C-6BBF-4AB2-84A2-1947974A930A}"
EndProject
Project("{FAE04EC0-301F-11D3-BF4B-00C04F79EFBC}") = "Aoc.Day07", "src\Aoc.Day07\Aoc.Day07.csproj", "{7573556D-BDF6-4860-9A00-09E1A627C8FE}"
EndProject
Project("{FAE04EC0-301F-11D3-BF4B-00C04F79EFBC}") = "Aoc.Day08", "src\Aoc.Day08\Aoc.Day08.csproj", "{5751CBF2-F55B-4094-87AF-15F5ADD0ACC3}"
EndProject
Project("{FAE04EC0-301F-11D3-BF4B-00C04F79EFBC}") = "Aoc.Day09", "src\Aoc.Day09\Aoc.Day09.csproj", "{EAE8DA97-460E-4580-AA4A-144E2E970212}"
EndProject
Project("{FAE04EC0-301F-11D3-BF4B-00C04F79EFBC}") = "Aoc.Day10", "src\Aoc.Day10\Aoc.Day10.csproj", "{4AD7D25E-D453-4C71-97D2-C9F9AE0E97AE}"
EndProject
Project("{FAE04EC0-301F-11D3-BF4B-00C04F79EFBC}") = "Aoc.Day11", "src\Aoc.Day11\Aoc.Day11.csproj", "{4B8F6E52-7F9F-4D5B-987C-895A56B23E5C}"
EndProject
Project("{FAE04EC0-301F-11D3-BF4B-00C04F79EFBC}") = "Aoc.Day12", "src\Aoc.Day12\Aoc.Day12.csproj", "{CECCD1C9-E900-4978-BD5C-B7B502DB9439}"
EndProject
Project("{FAE04EC0-301F-11D3-BF4B-00C04F79EFBC}") = "Aoc.Day13", "src\Aoc.Day13\Aoc.Day13.csproj", "{CC4CFCEA-99D8-4FB8-A927-8434E3C44969}"
EndProject
Project("{FAE04EC0-301F-11D3-BF4B-00C04F79EFBC}") = "Aoc.Day14", "src\Aoc.Day14\Aoc.Day14.csproj", "{6E8E0B1E-604C-4B37-80EC-CFC7CD10DB95}"
EndProject
Project("{FAE04EC0-301F-11D3-BF4B-00C04F79EFBC}") = "Aoc.Day15", "src\Aoc.Day15\Aoc.Day15.csproj", "{A579E4C0-2C5A-440B-8D32-1CEA24651252}"
EndProject
Project("{FAE04EC0-301F-11D3-BF4B-00C04F79EFBC}") = "Aoc.Day16", "src\Aoc.Day16\Aoc.Day16.csproj", "{A08B274B-A893-4689-B247-4407BE8EC1F4}"
EndProject
Global
	GlobalSection(SolutionConfigurationPlatforms) = preSolution
		Debug|Any CPU = Debug|Any CPU
		Release|Any CPU = Release|Any CPU
	EndGlobalSection
	GlobalSection(SolutionProperties) = preSolution
		HideSolutionNode = FALSE
	EndGlobalSection
	GlobalSection(ProjectConfigurationPlatforms) = postSolution
		{09A47E0F-ECDA-4245-B5E2-FE90FD7D351B}.Debug|Any CPU.ActiveCfg = Debug|Any CPU
		{09A47E0F-ECDA-4245-B5E2-FE90FD7D351B}.Debug|Any CPU.Build.0 = Debug|Any CPU
		{09A47E0F-ECDA-4245-B5E2-FE90FD7D351B}.Release|Any CPU.ActiveCfg = Release|Any CPU
		{09A47E0F-ECDA-4245-B5E2-FE90FD7D351B}.Release|Any CPU.Build.0 = Release|Any CPU
		{A283D50B-2890-48B6-B3CE-F3B88D192E9F}.Debug|Any CPU.ActiveCfg = Debug|Any CPU
		{A283D50B-2890-48B6-B3CE-F3B88D192E9F}.Debug|Any CPU.Build.0 = Debug|Any CPU
		{A283D50B-2890-48B6-B3CE-F3B88D192E9F}.Release|Any CPU.ActiveCfg = Release|Any CPU
		{A283D50B-2890-48B6-B3CE-F3B88D192E9F}.Release|Any CPU.Build.0 = Release|Any CPU
		{C29E7A22-045D-4988-8E84-A7C659213C76}.Debug|Any CPU.ActiveCfg = Debug|Any CPU
		{C29E7A22-045D-4988-8E84-A7C659213C76}.Debug|Any CPU.Build.0 = Debug|Any CPU
		{C29E7A22-045D-4988-8E84-A7C659213C76}.Release|Any CPU.ActiveCfg = Release|Any CPU
		{C29E7A22-045D-4988-8E84-A7C659213C76}.Release|Any CPU.Build.0 = Release|Any CPU
		{BF5C6F58-9940-4664-B9DE-A2F92EDDFCEB}.Debug|Any CPU.ActiveCfg = Debug|Any CPU
		{BF5C6F58-9940-4664-B9DE-A2F92EDDFCEB}.Debug|Any CPU.Build.0 = Debug|Any CPU
		{BF5C6F58-9940-4664-B9DE-A2F92EDDFCEB}.Release|Any CPU.ActiveCfg = Release|Any CPU
		{BF5C6F58-9940-4664-B9DE-A2F92EDDFCEB}.Release|Any CPU.Build.0 = Release|Any CPU
		{F7FAB8AF-4D28-4EDF-B800-75432B5E671E}.Debug|Any CPU.ActiveCfg = Debug|Any CPU
		{F7FAB8AF-4D28-4EDF-B800-75432B5E671E}.Debug|Any CPU.Build.0 = Debug|Any CPU
		{F7FAB8AF-4D28-4EDF-B800-75432B5E671E}.Release|Any CPU.ActiveCfg = Release|Any CPU
		{F7FAB8AF-4D28-4EDF-B800-75432B5E671E}.Release|Any CPU.Build.0 = Release|Any CPU
		{ADFB45B0-2FBF-4BCC-B0EF-AF3C1412592A}.Debug|Any CPU.ActiveCfg = Debug|Any CPU
		{ADFB45B0-2FBF-4BCC-B0EF-AF3C1412592A}.Debug|Any CPU.Build.0 = Debug|Any CPU
		{ADFB45B0-2FBF-4BCC-B0EF-AF3C1412592A}.Release|Any CPU.ActiveCfg = Release|Any CPU
		{ADFB45B0-2FBF-4BCC-B0EF-AF3C1412592A}.Release|Any CPU.Build.0 = Release|Any CPU
		{0DD2CBAE-0A92-4513-8D34-A18DE270B445}.Debug|Any CPU.ActiveCfg = Debug|Any CPU
		{0DD2CBAE-0A92-4513-8D34-A18DE270B445}.Debug|Any CPU.Build.0 = Debug|Any CPU
		{0DD2CBAE-0A92-4513-8D34-A18DE270B445}.Release|Any CPU.ActiveCfg = Release|Any CPU
		{0DD2CBAE-0A92-4513-8D34-A18DE270B445}.Release|Any CPU.Build.0 = Release|Any CPU
		{18CBB80C-6BBF-4AB2-84A2-1947974A930A}.Debug|Any CPU.ActiveCfg = Debug|Any CPU
		{18CBB80C-6BBF-4AB2-84A2-1947974A930A}.Debug|Any CPU.Build.0 = Debug|Any CPU
		{18CBB80C-6BBF-4AB2-84A2-1947974A930A}.Release|Any CPU.ActiveCfg = Release|Any CPU
		{18CBB80C-6BBF-4AB2-84A2-1947974A930A}.Release|Any CPU.Build.0 = Release|Any CPU
		{7573556D-BDF6-4860-9A00-09E1A627C8FE}.Debug|Any CPU.ActiveCfg = Debug|Any CPU
		{7573556D-BDF6-4860-9A00-09E1A627C8FE}.Debug|Any CPU.Build.0 = Debug|Any CPU
		{7573556D-BDF6-4860-9A00-09E1A627C8FE}.Release|Any CPU.ActiveCfg = Release|Any CPU
		{7573556D-BDF6-4860-9A00-09E1A627C8FE}.Release|Any CPU.Build.0 = Release|Any CPU
		{5751CBF2-F55B-4094-87AF-15F5ADD0ACC3}.Debug|Any CPU.ActiveCfg = Debug|Any CPU
		{5751CBF2-F55B-4094-87AF-15F5ADD0ACC3}.Debug|Any CPU.Build.0 = Debug|Any CPU
		{5751CBF2-F55B-4094-87AF-15F5ADD0ACC3}.Release|Any CPU.ActiveCfg = Release|Any CPU
		{5751CBF2-F55B-4094-87AF-15F5ADD0ACC3}.Release|Any CPU.Build.0 = Release|Any CPU
		{EAE8DA97-460E-4580-AA4A-144E2E970212}.Debug|Any CPU.ActiveCfg = Debug|Any CPU
		{EAE8DA97-460E-4580-AA4A-144E2E970212}.Debug|Any CPU.Build.0 = Debug|Any CPU
		{EAE8DA97-460E-4580-AA4A-144E2E970212}.Release|Any CPU.ActiveCfg = Release|Any CPU
		{EAE8DA97-460E-4580-AA4A-144E2E970212}.Release|Any CPU.Build.0 = Release|Any CPU
		{4AD7D25E-D453-4C71-97D2-C9F9AE0E97AE}.Debug|Any CPU.ActiveCfg = Debug|Any CPU
		{4AD7D25E-D453-4C71-97D2-C9F9AE0E97AE}.Debug|Any CPU.Build.0 = Debug|Any CPU
		{4AD7D25E-D453-4C71-97D2-C9F9AE0E97AE}.Release|Any CPU.ActiveCfg = Release|Any CPU
		{4AD7D25E-D453-4C71-97D2-C9F9AE0E97AE}.Release|Any CPU.Build.0 = Release|Any CPU
		{4B8F6E52-7F9F-4D5B-987C-895A56B23E5C}.Debug|Any CPU.ActiveCfg = Debug|Any CPU
		{4B8F6E52-7F9F-4D5B-987C-895A56B23E5C}.Debug|Any CPU.Build.0 = Debug|Any CPU
		{4B8F6E52-7F9F-4D5B-987C-895A56B23E5C}.Release|Any CPU.ActiveCfg = Release|Any CPU
		{4B8F6E52-7F9F-4D5B-987C-895A56B23E5C}.Release|Any CPU.Build.0 = Release|Any CPU
		{CECCD1C9-E900-4978-BD5C-B7B502DB9439}.Debug|Any CPU.ActiveCfg = Debug|Any CPU
		{CECCD1C9-E900-4978-BD5C-B7B502DB9439}.Debug|Any CPU.Build.0 = Debug|Any CPU
		{CECCD1C9-E900-4978-BD5C-B7B502DB9439}.Release|Any CPU.ActiveCfg = Release|Any CPU
		{CECCD1C9-E900-4978-BD5C-B7B502DB9439}.Release|Any CPU.Build.0 = Release|Any CPU
		{CC4CFCEA-99D8-4FB8-A927-8434E3C44969}.Debug|Any CPU.ActiveCfg = Debug|Any CPU
		{CC4CFCEA-99D8-4FB8-A927-8434E3C44969}.Debug|Any CPU.Build.0 = Debug|Any CPU
		{CC4CFCEA-99D8-4FB8-A927-8434E3C44969}.Release|Any CPU.ActiveCfg = Release|Any CPU
		{CC4CFCEA-99D8-4FB8-A927-8434E3C44969}.Release|Any CPU.Build.0 = Release|Any CPU
		{6E8E0B1E-604C-4B37-80EC-CFC7CD10DB95}.Debug|Any CPU.ActiveCfg = Debug|Any CPU
		{6E8E0B1E-604C-4B37-80EC-CFC7CD10DB95}.Debug|Any CPU.Build.0 = Debug|Any CPU
		{6E8E0B1E-604C-4B37-80EC-CFC7CD10DB95}.Release|Any CPU.ActiveCfg = Release|Any CPU
		{6E8E0B1E-604C-4B37-80EC-CFC7CD10DB95}.Release|Any CPU.Build.0 = Release|Any CPU
		{A579E4C0-2C5A-440B-8D32-1CEA24651252}.Debug|Any CPU.ActiveCfg = Debug|Any CPU
		{A579E4C0-2C5A-440B-8D32-1CEA24651252}.Debug|Any CPU.Build.0 = Debug|Any CPU
		{A579E4C0-2C5A-440B-8D32-1CEA24651252}.Release|Any CPU.ActiveCfg = Release|Any CPU
		{A579E4C0-2C5A-440B-8D32-1CEA24651252}.Release|Any CPU.Build.0 = Release|Any CPU
		{A08B274B-A893-4689-B247-4407BE8EC1F4}.Debug|Any CPU.ActiveCfg = Debug|Any CPU
		{A08B274B-A893-4689-B247-4407BE8EC1F4}.Debug|Any CPU.Build.0 = Debug|Any CPU
		{A08B274B-A893-4689-B247-4407BE8EC1F4}.Release|Any CPU.ActiveCfg = Release|Any CPU
		{A08B274B-A893-4689-B247-4407BE8EC1F4}.Release|Any CPU.Build.0 = Release|Any CPU
	EndGlobalSection
	GlobalSection(NestedProjects) = preSolution
		{09A47E0F-ECDA-4245-B5E2-FE90FD7D351B} = {6AAB4541-93AB-46D7-9B70-40BE68D7D58D}
		{A283D50B-2890-48B6-B3CE-F3B88D192E9F} = {CE5BD395-881B-4731-A794-DF5CC4DCC57C}
		{C29E7A22-045D-4988-8E84-A7C659213C76} = {CAAF8CF2-AC46-4A6B-8053-2DCF370C61AF}
		{BF5C6F58-9940-4664-B9DE-A2F92EDDFCEB} = {CE5BD395-881B-4731-A794-DF5CC4DCC57C}
		{F7FAB8AF-4D28-4EDF-B800-75432B5E671E} = {CE5BD395-881B-4731-A794-DF5CC4DCC57C}
		{ADFB45B0-2FBF-4BCC-B0EF-AF3C1412592A} = {CE5BD395-881B-4731-A794-DF5CC4DCC57C}
		{0DD2CBAE-0A92-4513-8D34-A18DE270B445} = {CE5BD395-881B-4731-A794-DF5CC4DCC57C}
		{18CBB80C-6BBF-4AB2-84A2-1947974A930A} = {CE5BD395-881B-4731-A794-DF5CC4DCC57C}
		{7573556D-BDF6-4860-9A00-09E1A627C8FE} = {CE5BD395-881B-4731-A794-DF5CC4DCC57C}
		{5751CBF2-F55B-4094-87AF-15F5ADD0ACC3} = {CE5BD395-881B-4731-A794-DF5CC4DCC57C}
		{EAE8DA97-460E-4580-AA4A-144E2E970212} = {CE5BD395-881B-4731-A794-DF5CC4DCC57C}
		{4AD7D25E-D453-4C71-97D2-C9F9AE0E97AE} = {CE5BD395-881B-4731-A794-DF5CC4DCC57C}
		{4B8F6E52-7F9F-4D5B-987C-895A56B23E5C} = {CE5BD395-881B-4731-A794-DF5CC4DCC57C}
		{CECCD1C9-E900-4978-BD5C-B7B502DB9439} = {CE5BD395-881B-4731-A794-DF5CC4DCC57C}
		{CC4CFCEA-99D8-4FB8-A927-8434E3C44969} = {CE5BD395-881B-4731-A794-DF5CC4DCC57C}
		{6E8E0B1E-604C-4B37-80EC-CFC7CD10DB95} = {CE5BD395-881B-4731-A794-DF5CC4DCC57C}
		{A579E4C0-2C5A-440B-8D32-1CEA24651252} = {CE5BD395-881B-4731-A794-DF5CC4DCC57C}
		{A08B274B-A893-4689-B247-4407BE8EC1F4} = {CE5BD395-881B-4731-A794-DF5CC4DCC57C}
	EndGlobalSection
EndGlobal
